// !$*UTF8*$!
{
	archiveVersion = 1;
	classes = {
	};
	objectVersion = 46;
	objects = {

/* Begin PBXBuildFile section */
		AA624FB61C34C0A800EEA3E5 /* main.m in Sources */ = {isa = PBXBuildFile; fileRef = AA624FB51C34C0A800EEA3E5 /* main.m */; };
		AA624FB91C34C0A800EEA3E5 /* AppDelegate.m in Sources */ = {isa = PBXBuildFile; fileRef = AA624FB81C34C0A800EEA3E5 /* AppDelegate.m */; };
		AA624FBC1C34C0A800EEA3E5 /* ViewController.m in Sources */ = {isa = PBXBuildFile; fileRef = AA624FBB1C34C0A800EEA3E5 /* ViewController.m */; };
		AA624FBF1C34C0A800EEA3E5 /* Main.storyboard in Resources */ = {isa = PBXBuildFile; fileRef = AA624FBD1C34C0A800EEA3E5 /* Main.storyboard */; };
		AA624FC11C34C0A800EEA3E5 /* Assets.xcassets in Resources */ = {isa = PBXBuildFile; fileRef = AA624FC01C34C0A800EEA3E5 /* Assets.xcassets */; };
		AA624FC41C34C0A800EEA3E5 /* LaunchScreen.storyboard in Resources */ = {isa = PBXBuildFile; fileRef = AA624FC21C34C0A800EEA3E5 /* LaunchScreen.storyboard */; };
		AA624FCF1C34C0A900EEA3E5 /* DemoTests.m in Sources */ = {isa = PBXBuildFile; fileRef = AA624FCE1C34C0A900EEA3E5 /* DemoTests.m */; };
		AA624FDA1C34C0A900EEA3E5 /* DemoUITests.m in Sources */ = {isa = PBXBuildFile; fileRef = AA624FD91C34C0A900EEA3E5 /* DemoUITests.m */; };
		AA624FEA1C34CC7000EEA3E5 /* SecondViewController.m in Sources */ = {isa = PBXBuildFile; fileRef = AA624FE81C34CC7000EEA3E5 /* SecondViewController.m */; };
		AA624FEB1C34CC7000EEA3E5 /* SecondViewController.xib in Resources */ = {isa = PBXBuildFile; fileRef = AA624FE91C34CC7000EEA3E5 /* SecondViewController.xib */; };
		AA624FEF1C34D3F100EEA3E5 /* FirstViewController.m in Sources */ = {isa = PBXBuildFile; fileRef = AA624FED1C34D3F100EEA3E5 /* FirstViewController.m */; };
		AA624FF01C34D3F100EEA3E5 /* FirstViewController.xib in Resources */ = {isa = PBXBuildFile; fileRef = AA624FEE1C34D3F100EEA3E5 /* FirstViewController.xib */; };
		AA624FF41C34F6E100EEA3E5 /* ThirdViewController.m in Sources */ = {isa = PBXBuildFile; fileRef = AA624FF21C34F6E100EEA3E5 /* ThirdViewController.m */; };
		AA624FF51C34F6E100EEA3E5 /* ThirdViewController.xib in Resources */ = {isa = PBXBuildFile; fileRef = AA624FF31C34F6E100EEA3E5 /* ThirdViewController.xib */; };
		AA624FF71C34FA4F00EEA3E5 /* images in Resources */ = {isa = PBXBuildFile; fileRef = AA624FF61C34FA4F00EEA3E5 /* images */; };
/* End PBXBuildFile section */

/* Begin PBXContainerItemProxy section */
		AA624FCB1C34C0A900EEA3E5 /* PBXContainerItemProxy */ = {
			isa = PBXContainerItemProxy;
			containerPortal = AA624FA91C34C0A800EEA3E5 /* Project object */;
			proxyType = 1;
			remoteGlobalIDString = AA624FB01C34C0A800EEA3E5;
			remoteInfo = Demo;
		};
		AA624FD61C34C0A900EEA3E5 /* PBXContainerItemProxy */ = {
			isa = PBXContainerItemProxy;
			containerPortal = AA624FA91C34C0A800EEA3E5 /* Project object */;
			proxyType = 1;
			remoteGlobalIDString = AA624FB01C34C0A800EEA3E5;
			remoteInfo = Demo;
		};
/* End PBXContainerItemProxy section */

/* Begin PBXFileReference section */
		AA624FB11C34C0A800EEA3E5 /* Demo.app */ = {isa = PBXFileReference; explicitFileType = wrapper.application; includeInIndex = 0; path = Demo.app; sourceTree = BUILT_PRODUCTS_DIR; };
		AA624FB51C34C0A800EEA3E5 /* main.m */ = {isa = PBXFileReference; lastKnownFileType = sourcecode.c.objc; path = main.m; sourceTree = "<group>"; };
		AA624FB71C34C0A800EEA3E5 /* AppDelegate.h */ = {isa = PBXFileReference; lastKnownFileType = sourcecode.c.h; path = AppDelegate.h; sourceTree = "<group>"; };
		AA624FB81C34C0A800EEA3E5 /* AppDelegate.m */ = {isa = PBXFileReference; lastKnownFileType = sourcecode.c.objc; path = AppDelegate.m; sourceTree = "<group>"; };
		AA624FBA1C34C0A800EEA3E5 /* ViewController.h */ = {isa = PBXFileReference; lastKnownFileType = sourcecode.c.h; path = ViewController.h; sourceTree = "<group>"; };
		AA624FBB1C34C0A800EEA3E5 /* ViewController.m */ = {isa = PBXFileReference; lastKnownFileType = sourcecode.c.objc; path = ViewController.m; sourceTree = "<group>"; };
		AA624FBE1C34C0A800EEA3E5 /* Base */ = {isa = PBXFileReference; lastKnownFileType = file.storyboard; name = Base; path = Base.lproj/Main.storyboard; sourceTree = "<group>"; };
		AA624FC01C34C0A800EEA3E5 /* Assets.xcassets */ = {isa = PBXFileReference; lastKnownFileType = folder.assetcatalog; path = Assets.xcassets; sourceTree = "<group>"; };
		AA624FC31C34C0A800EEA3E5 /* Base */ = {isa = PBXFileReference; lastKnownFileType = file.storyboard; name = Base; path = Base.lproj/LaunchScreen.storyboard; sourceTree = "<group>"; };
		AA624FC51C34C0A800EEA3E5 /* Info.plist */ = {isa = PBXFileReference; lastKnownFileType = text.plist.xml; path = Info.plist; sourceTree = "<group>"; };
		AA624FCA1C34C0A900EEA3E5 /* DemoTests.xctest */ = {isa = PBXFileReference; explicitFileType = wrapper.cfbundle; includeInIndex = 0; path = DemoTests.xctest; sourceTree = BUILT_PRODUCTS_DIR; };
		AA624FCE1C34C0A900EEA3E5 /* DemoTests.m */ = {isa = PBXFileReference; lastKnownFileType = sourcecode.c.objc; path = DemoTests.m; sourceTree = "<group>"; };
		AA624FD01C34C0A900EEA3E5 /* Info.plist */ = {isa = PBXFileReference; lastKnownFileType = text.plist.xml; path = Info.plist; sourceTree = "<group>"; };
		AA624FD51C34C0A900EEA3E5 /* DemoUITests.xctest */ = {isa = PBXFileReference; explicitFileType = wrapper.cfbundle; includeInIndex = 0; path = DemoUITests.xctest; sourceTree = BUILT_PRODUCTS_DIR; };
		AA624FD91C34C0A900EEA3E5 /* DemoUITests.m */ = {isa = PBXFileReference; lastKnownFileType = sourcecode.c.objc; path = DemoUITests.m; sourceTree = "<group>"; };
		AA624FDB1C34C0A900EEA3E5 /* Info.plist */ = {isa = PBXFileReference; lastKnownFileType = text.plist.xml; path = Info.plist; sourceTree = "<group>"; };
		AA624FE71C34CC7000EEA3E5 /* SecondViewController.h */ = {isa = PBXFileReference; fileEncoding = 4; lastKnownFileType = sourcecode.c.h; path = SecondViewController.h; sourceTree = "<group>"; };
		AA624FE81C34CC7000EEA3E5 /* SecondViewController.m */ = {isa = PBXFileReference; fileEncoding = 4; lastKnownFileType = sourcecode.c.objc; path = SecondViewController.m; sourceTree = "<group>"; };
		AA624FE91C34CC7000EEA3E5 /* SecondViewController.xib */ = {isa = PBXFileReference; fileEncoding = 4; lastKnownFileType = file.xib; path = SecondViewController.xib; sourceTree = "<group>"; };
		AA624FEC1C34D3F100EEA3E5 /* FirstViewController.h */ = {isa = PBXFileReference; fileEncoding = 4; lastKnownFileType = sourcecode.c.h; path = FirstViewController.h; sourceTree = "<group>"; };
		AA624FED1C34D3F100EEA3E5 /* FirstViewController.m */ = {isa = PBXFileReference; fileEncoding = 4; lastKnownFileType = sourcecode.c.objc; path = FirstViewController.m; sourceTree = "<group>"; };
		AA624FEE1C34D3F100EEA3E5 /* FirstViewController.xib */ = {isa = PBXFileReference; fileEncoding = 4; lastKnownFileType = file.xib; path = FirstViewController.xib; sourceTree = "<group>"; };
		AA624FF11C34F6E100EEA3E5 /* ThirdViewController.h */ = {isa = PBXFileReference; fileEncoding = 4; lastKnownFileType = sourcecode.c.h; path = ThirdViewController.h; sourceTree = "<group>"; };
		AA624FF21C34F6E100EEA3E5 /* ThirdViewController.m */ = {isa = PBXFileReference; fileEncoding = 4; lastKnownFileType = sourcecode.c.objc; path = ThirdViewController.m; sourceTree = "<group>"; };
		AA624FF31C34F6E100EEA3E5 /* ThirdViewController.xib */ = {isa = PBXFileReference; fileEncoding = 4; lastKnownFileType = file.xib; path = ThirdViewController.xib; sourceTree = "<group>"; };
		AA624FF61C34FA4F00EEA3E5 /* images */ = {isa = PBXFileReference; lastKnownFileType = folder; path = images; sourceTree = "<group>"; };
/* End PBXFileReference section */

/* Begin PBXFrameworksBuildPhase section */
		AA624FAE1C34C0A800EEA3E5 /* Frameworks */ = {
			isa = PBXFrameworksBuildPhase;
			buildActionMask = 2147483647;
			files = (
			);
			runOnlyForDeploymentPostprocessing = 0;
		};
		AA624FC71C34C0A900EEA3E5 /* Frameworks */ = {
			isa = PBXFrameworksBuildPhase;
			buildActionMask = 2147483647;
			files = (
			);
			runOnlyForDeploymentPostprocessing = 0;
		};
		AA624FD21C34C0A900EEA3E5 /* Frameworks */ = {
			isa = PBXFrameworksBuildPhase;
			buildActionMask = 2147483647;
			files = (
			);
			runOnlyForDeploymentPostprocessing = 0;
		};
/* End PBXFrameworksBuildPhase section */

/* Begin PBXGroup section */
		AA624FA81C34C0A800EEA3E5 = {
			isa = PBXGroup;
			children = (
				AA624FB31C34C0A800EEA3E5 /* Demo */,
				AA624FCD1C34C0A900EEA3E5 /* DemoTests */,
				AA624FD81C34C0A900EEA3E5 /* DemoUITests */,
				AA624FB21C34C0A800EEA3E5 /* Products */,
			);
			sourceTree = "<group>";
		};
		AA624FB21C34C0A800EEA3E5 /* Products */ = {
			isa = PBXGroup;
			children = (
				AA624FB11C34C0A800EEA3E5 /* Demo.app */,
				AA624FCA1C34C0A900EEA3E5 /* DemoTests.xctest */,
				AA624FD51C34C0A900EEA3E5 /* DemoUITests.xctest */,
			);
			name = Products;
			sourceTree = "<group>";
		};
		AA624FB31C34C0A800EEA3E5 /* Demo */ = {
			isa = PBXGroup;
			children = (
				AA624FF61C34FA4F00EEA3E5 /* images */,
				AA624FB71C34C0A800EEA3E5 /* AppDelegate.h */,
				AA624FB81C34C0A800EEA3E5 /* AppDelegate.m */,
				AA624FBA1C34C0A800EEA3E5 /* ViewController.h */,
				AA624FBB1C34C0A800EEA3E5 /* ViewController.m */,
				AA624FE71C34CC7000EEA3E5 /* SecondViewController.h */,
				AA624FE81C34CC7000EEA3E5 /* SecondViewController.m */,
				AA624FE91C34CC7000EEA3E5 /* SecondViewController.xib */,
				AA624FEC1C34D3F100EEA3E5 /* FirstViewController.h */,
				AA624FED1C34D3F100EEA3E5 /* FirstViewController.m */,
				AA624FEE1C34D3F100EEA3E5 /* FirstViewController.xib */,
				AA624FF11C34F6E100EEA3E5 /* ThirdViewController.h */,
				AA624FF21C34F6E100EEA3E5 /* ThirdViewController.m */,
				AA624FF31C34F6E100EEA3E5 /* ThirdViewController.xib */,
				AA624FBD1C34C0A800EEA3E5 /* Main.storyboard */,
				AA624FC01C34C0A800EEA3E5 /* Assets.xcassets */,
				AA624FC21C34C0A800EEA3E5 /* LaunchScreen.storyboard */,
				AA624FC51C34C0A800EEA3E5 /* Info.plist */,
				AA624FB41C34C0A800EEA3E5 /* Supporting Files */,
			);
			path = Demo;
			sourceTree = "<group>";
		};
		AA624FB41C34C0A800EEA3E5 /* Supporting Files */ = {
			isa = PBXGroup;
			children = (
				AA624FB51C34C0A800EEA3E5 /* main.m */,
			);
			name = "Supporting Files";
			sourceTree = "<group>";
		};
		AA624FCD1C34C0A900EEA3E5 /* DemoTests */ = {
			isa = PBXGroup;
			children = (
				AA624FCE1C34C0A900EEA3E5 /* DemoTests.m */,
				AA624FD01C34C0A900EEA3E5 /* Info.plist */,
			);
			path = DemoTests;
			sourceTree = "<group>";
		};
		AA624FD81C34C0A900EEA3E5 /* DemoUITests */ = {
			isa = PBXGroup;
			children = (
				AA624FD91C34C0A900EEA3E5 /* DemoUITests.m */,
				AA624FDB1C34C0A900EEA3E5 /* Info.plist */,
			);
			path = DemoUITests;
			sourceTree = "<group>";
		};
/* End PBXGroup section */

/* Begin PBXNativeTarget section */
		AA624FB01C34C0A800EEA3E5 /* Demo */ = {
			isa = PBXNativeTarget;
			buildConfigurationList = AA624FDE1C34C0A900EEA3E5 /* Build configuration list for PBXNativeTarget "Demo" */;
			buildPhases = (
				AA624FAD1C34C0A800EEA3E5 /* Sources */,
				AA624FAE1C34C0A800EEA3E5 /* Frameworks */,
				AA624FAF1C34C0A800EEA3E5 /* Resources */,
			);
			buildRules = (
			);
			dependencies = (
			);
			name = Demo;
			productName = Demo;
			productReference = AA624FB11C34C0A800EEA3E5 /* Demo.app */;
			productType = "com.apple.product-type.application";
		};
		AA624FC91C34C0A900EEA3E5 /* DemoTests */ = {
			isa = PBXNativeTarget;
			buildConfigurationList = AA624FE11C34C0A900EEA3E5 /* Build configuration list for PBXNativeTarget "DemoTests" */;
			buildPhases = (
				AA624FC61C34C0A900EEA3E5 /* Sources */,
				AA624FC71C34C0A900EEA3E5 /* Frameworks */,
				AA624FC81C34C0A900EEA3E5 /* Resources */,
			);
			buildRules = (
			);
			dependencies = (
				AA624FCC1C34C0A900EEA3E5 /* PBXTargetDependency */,
			);
			name = DemoTests;
			productName = DemoTests;
			productReference = AA624FCA1C34C0A900EEA3E5 /* DemoTests.xctest */;
			productType = "com.apple.product-type.bundle.unit-test";
		};
		AA624FD41C34C0A900EEA3E5 /* DemoUITests */ = {
			isa = PBXNativeTarget;
			buildConfigurationList = AA624FE41C34C0A900EEA3E5 /* Build configuration list for PBXNativeTarget "DemoUITests" */;
			buildPhases = (
				AA624FD11C34C0A900EEA3E5 /* Sources */,
				AA624FD21C34C0A900EEA3E5 /* Frameworks */,
				AA624FD31C34C0A900EEA3E5 /* Resources */,
			);
			buildRules = (
			);
			dependencies = (
				AA624FD71C34C0A900EEA3E5 /* PBXTargetDependency */,
			);
			name = DemoUITests;
			productName = DemoUITests;
			productReference = AA624FD51C34C0A900EEA3E5 /* DemoUITests.xctest */;
			productType = "com.apple.product-type.bundle.ui-testing";
		};
/* End PBXNativeTarget section */

/* Begin PBXProject section */
		AA624FA91C34C0A800EEA3E5 /* Project object */ = {
			isa = PBXProject;
			attributes = {
				LastUpgradeCheck = 0720;
				ORGANIZATIONNAME = gongren;
				TargetAttributes = {
					AA624FB01C34C0A800EEA3E5 = {
						CreatedOnToolsVersion = 7.2;
					};
					AA624FC91C34C0A900EEA3E5 = {
						CreatedOnToolsVersion = 7.2;
						TestTargetID = AA624FB01C34C0A800EEA3E5;
					};
					AA624FD41C34C0A900EEA3E5 = {
						CreatedOnToolsVersion = 7.2;
						TestTargetID = AA624FB01C34C0A800EEA3E5;
					};
				};
			};
			buildConfigurationList = AA624FAC1C34C0A800EEA3E5 /* Build configuration list for PBXProject "Demo" */;
			compatibilityVersion = "Xcode 3.2";
			developmentRegion = English;
			hasScannedForEncodings = 0;
			knownRegions = (
				en,
				Base,
			);
			mainGroup = AA624FA81C34C0A800EEA3E5;
			productRefGroup = AA624FB21C34C0A800EEA3E5 /* Products */;
			projectDirPath = "";
			projectRoot = "";
			targets = (
				AA624FB01C34C0A800EEA3E5 /* Demo */,
				AA624FC91C34C0A900EEA3E5 /* DemoTests */,
				AA624FD41C34C0A900EEA3E5 /* DemoUITests */,
			);
		};
/* End PBXProject section */

/* Begin PBXResourcesBuildPhase section */
		AA624FAF1C34C0A800EEA3E5 /* Resources */ = {
			isa = PBXResourcesBuildPhase;
			buildActionMask = 2147483647;
			files = (
				AA624FEB1C34CC7000EEA3E5 /* SecondViewController.xib in Resources */,
				AA624FF01C34D3F100EEA3E5 /* FirstViewController.xib in Resources */,
				AA624FF51C34F6E100EEA3E5 /* ThirdViewController.xib in Resources */,
				AA624FC41C34C0A800EEA3E5 /* LaunchScreen.storyboard in Resources */,
				AA624FC11C34C0A800EEA3E5 /* Assets.xcassets in Resources */,
				AA624FF71C34FA4F00EEA3E5 /* images in Resources */,
				AA624FBF1C34C0A800EEA3E5 /* Main.storyboard in Resources */,
			);
			runOnlyForDeploymentPostprocessing = 0;
		};
		AA624FC81C34C0A900EEA3E5 /* Resources */ = {
			isa = PBXResourcesBuildPhase;
			buildActionMask = 2147483647;
			files = (
			);
			runOnlyForDeploymentPostprocessing = 0;
		};
		AA624FD31C34C0A900EEA3E5 /* Resources */ = {
			isa = PBXResourcesBuildPhase;
			buildActionMask = 2147483647;
			files = (
			);
			runOnlyForDeploymentPostprocessing = 0;
		};
/* End PBXResourcesBuildPhase section */

/* Begin PBXSourcesBuildPhase section */
		AA624FAD1C34C0A800EEA3E5 /* Sources */ = {
			isa = PBXSourcesBuildPhase;
			buildActionMask = 2147483647;
			files = (
				AA624FEA1C34CC7000EEA3E5 /* SecondViewController.m in Sources */,
				AA624FBC1C34C0A800EEA3E5 /* ViewController.m in Sources */,
				AA624FF41C34F6E100EEA3E5 /* ThirdViewController.m in Sources */,
				AA624FEF1C34D3F100EEA3E5 /* FirstViewController.m in Sources */,
				AA624FB91C34C0A800EEA3E5 /* AppDelegate.m in Sources */,
				AA624FB61C34C0A800EEA3E5 /* main.m in Sources */,
			);
			runOnlyForDeploymentPostprocessing = 0;
		};
		AA624FC61C34C0A900EEA3E5 /* Sources */ = {
			isa = PBXSourcesBuildPhase;
			buildActionMask = 2147483647;
			files = (
				AA624FCF1C34C0A900EEA3E5 /* DemoTests.m in Sources */,
			);
			runOnlyForDeploymentPostprocessing = 0;
		};
		AA624FD11C34C0A900EEA3E5 /* Sources */ = {
			isa = PBXSourcesBuildPhase;
			buildActionMask = 2147483647;
			files = (
				AA624FDA1C34C0A900EEA3E5 /* DemoUITests.m in Sources */,
			);
			runOnlyForDeploymentPostprocessing = 0;
		};
/* End PBXSourcesBuildPhase section */

/* Begin PBXTargetDependency section */
		AA624FCC1C34C0A900EEA3E5 /* PBXTargetDependency */ = {
			isa = PBXTargetDependency;
			target = AA624FB01C34C0A800EEA3E5 /* Demo */;
			targetProxy = AA624FCB1C34C0A900EEA3E5 /* PBXContainerItemProxy */;
		};
		AA624FD71C34C0A900EEA3E5 /* PBXTargetDependency */ = {
			isa = PBXTargetDependency;
			target = AA624FB01C34C0A800EEA3E5 /* Demo */;
			targetProxy = AA624FD61C34C0A900EEA3E5 /* PBXContainerItemProxy */;
		};
/* End PBXTargetDependency section */

/* Begin PBXVariantGroup section */
		AA624FBD1C34C0A800EEA3E5 /* Main.storyboard */ = {
			isa = PBXVariantGroup;
			children = (
				AA624FBE1C34C0A800EEA3E5 /* Base */,
			);
			name = Main.storyboard;
			sourceTree = "<group>";
		};
		AA624FC21C34C0A800EEA3E5 /* LaunchScreen.storyboard */ = {
			isa = PBXVariantGroup;
			children = (
				AA624FC31C34C0A800EEA3E5 /* Base */,
			);
			name = LaunchScreen.storyboard;
			sourceTree = "<group>";
		};
/* End PBXVariantGroup section */

/* Begin XCBuildConfiguration section */
		AA624FDC1C34C0A900EEA3E5 /* Debug */ = {
			isa = XCBuildConfiguration;
			buildSettings = {
				ALWAYS_SEARCH_USER_PATHS = NO;
				CLANG_CXX_LANGUAGE_STANDARD = "gnu++0x";
				CLANG_CXX_LIBRARY = "libc++";
				CLANG_ENABLE_MODULES = YES;
				CLANG_ENABLE_OBJC_ARC = YES;
				CLANG_WARN_BOOL_CONVERSION = YES;
				CLANG_WARN_CONSTANT_CONVERSION = YES;
				CLANG_WARN_DIRECT_OBJC_ISA_USAGE = YES_ERROR;
				CLANG_WARN_EMPTY_BODY = YES;
				CLANG_WARN_ENUM_CONVERSION = YES;
				CLANG_WARN_INT_CONVERSION = YES;
				CLANG_WARN_OBJC_ROOT_CLASS = YES_ERROR;
				CLANG_WARN_UNREACHABLE_CODE = YES;
				CLANG_WARN__DUPLICATE_METHOD_MATCH = YES;
				"CODE_SIGN_IDENTITY[sdk=iphoneos*]" = "iPhone Developer";
				COPY_PHASE_STRIP = NO;
				DEBUG_INFORMATION_FORMAT = dwarf;
				ENABLE_STRICT_OBJC_MSGSEND = YES;
				ENABLE_TESTABILITY = YES;
				GCC_C_LANGUAGE_STANDARD = gnu99;
				GCC_DYNAMIC_NO_PIC = NO;
				GCC_NO_COMMON_BLOCKS = YES;
				GCC_OPTIMIZATION_LEVEL = 0;
				GCC_PREPROCESSOR_DEFINITIONS = (
					"DEBUG=1",
					"$(inherited)",
				);
				GCC_WARN_64_TO_32_BIT_CONVERSION = YES;
				GCC_WARN_ABOUT_RETURN_TYPE = YES_ERROR;
				GCC_WARN_UNDECLARED_SELECTOR = YES;
				GCC_WARN_UNINITIALIZED_AUTOS = YES_AGGRESSIVE;
				GCC_WARN_UNUSED_FUNCTION = YES;
				GCC_WARN_UNUSED_VARIABLE = YES;
				IPHONEOS_DEPLOYMENT_TARGET = 9.2;
				MTL_ENABLE_DEBUG_INFO = YES;
				ONLY_ACTIVE_ARCH = YES;
				SDKROOT = iphoneos;
				TARGETED_DEVICE_FAMILY = "1,2";
			};
			name = Debug;
		};
		AA624FDD1C34C0A900EEA3E5 /* Release */ = {
			isa = XCBuildConfiguration;
			buildSettings = {
				ALWAYS_SEARCH_USER_PATHS = NO;
				CLANG_CXX_LANGUAGE_STANDARD = "gnu++0x";
				CLANG_CXX_LIBRARY = "libc++";
				CLANG_ENABLE_MODULES = YES;
				CLANG_ENABLE_OBJC_ARC = YES;
				CLANG_WARN_BOOL_CONVERSION = YES;
				CLANG_WARN_CONSTANT_CONVERSION = YES;
				CLANG_WARN_DIRECT_OBJC_ISA_USAGE = YES_ERROR;
				CLANG_WARN_EMPTY_BODY = YES;
				CLANG_WARN_ENUM_CONVERSION = YES;
				CLANG_WARN_INT_CONVERSION = YES;
				CLANG_WARN_OBJC_ROOT_CLASS = YES_ERROR;
				CLANG_WARN_UNREACHABLE_CODE = YES;
				CLANG_WARN__DUPLICATE_METHOD_MATCH = YES;
				"CODE_SIGN_IDENTITY[sdk=iphoneos*]" = "iPhone Developer";
				COPY_PHASE_STRIP = NO;
				DEBUG_INFORMATION_FORMAT = "dwarf-with-dsym";
				ENABLE_NS_ASSERTIONS = NO;
				ENABLE_STRICT_OBJC_MSGSEND = YES;
				GCC_C_LANGUAGE_STANDARD = gnu99;
				GCC_NO_COMMON_BLOCKS = YES;
				GCC_WARN_64_TO_32_BIT_CONVERSION = YES;
				GCC_WARN_ABOUT_RETURN_TYPE = YES_ERROR;
				GCC_WARN_UNDECLARED_SELECTOR = YES;
				GCC_WARN_UNINITIALIZED_AUTOS = YES_AGGRESSIVE;
				GCC_WARN_UNUSED_FUNCTION = YES;
				GCC_WARN_UNUSED_VARIABLE = YES;
				IPHONEOS_DEPLOYMENT_TARGET = 9.2;
				MTL_ENABLE_DEBUG_INFO = NO;
				SDKROOT = iphoneos;
				TARGETED_DEVICE_FAMILY = "1,2";
				VALIDATE_PRODUCT = YES;
			};
			name = Release;
		};
		AA624FDF1C34C0A900EEA3E5 /* Debug */ = {
			isa = XCBuildConfiguration;
			buildSettings = {
				ASSETCATALOG_COMPILER_APPICON_NAME = AppIcon;
				INFOPLIST_FILE = Demo/Info.plist;
				LD_RUNPATH_SEARCH_PATHS = "$(inherited) @executable_path/Frameworks";
				PRODUCT_BUNDLE_IDENTIFIER = "gongren-zcs.Demo";
				PRODUCT_NAME = "$(TARGET_NAME)";
			};
			name = Debug;
		};
		AA624FE01C34C0A900EEA3E5 /* Release */ = {
			isa = XCBuildConfiguration;
			buildSettings = {
				ASSETCATALOG_COMPILER_APPICON_NAME = AppIcon;
				INFOPLIST_FILE = Demo/Info.plist;
				LD_RUNPATH_SEARCH_PATHS = "$(inherited) @executable_path/Frameworks";
				PRODUCT_BUNDLE_IDENTIFIER = "gongren-zcs.Demo";
				PRODUCT_NAME = "$(TARGET_NAME)";
			};
			name = Release;
		};
		AA624FE21C34C0A900EEA3E5 /* Debug */ = {
			isa = XCBuildConfiguration;
			buildSettings = {
				BUNDLE_LOADER = "$(TEST_HOST)";
				INFOPLIST_FILE = DemoTests/Info.plist;
				LD_RUNPATH_SEARCH_PATHS = "$(inherited) @executable_path/Frameworks @loader_path/Frameworks";
				PRODUCT_BUNDLE_IDENTIFIER = "gongren-zcs.DemoTests";
				PRODUCT_NAME = "$(TARGET_NAME)";
				TEST_HOST = "$(BUILT_PRODUCTS_DIR)/Demo.app/Demo";
			};
			name = Debug;
		};
		AA624FE31C34C0A900EEA3E5 /* Release */ = {
			isa = XCBuildConfiguration;
			buildSettings = {
				BUNDLE_LOADER = "$(TEST_HOST)";
				INFOPLIST_FILE = DemoTests/Info.plist;
				LD_RUNPATH_SEARCH_PATHS = "$(inherited) @executable_path/Frameworks @loader_path/Frameworks";
				PRODUCT_BUNDLE_IDENTIFIER = "gongren-zcs.DemoTests";
				PRODUCT_NAME = "$(TARGET_NAME)";
				TEST_HOST = "$(BUILT_PRODUCTS_DIR)/Demo.app/Demo";
			};
			name = Release;
		};
		AA624FE51C34C0A900EEA3E5 /* Debug */ = {
			isa = XCBuildConfiguration;
			buildSettings = {
				INFOPLIST_FILE = DemoUITests/Info.plist;
				LD_RUNPATH_SEARCH_PATHS = "$(inherited) @executable_path/Frameworks @loader_path/Frameworks";
				PRODUCT_BUNDLE_IDENTIFIER = "gongren-zcs.DemoUITests";
				PRODUCT_NAME = "$(TARGET_NAME)";
				TEST_TARGET_NAME = Demo;
				USES_XCTRUNNER = YES;
			};
			name = Debug;
		};
		AA624FE61C34C0A900EEA3E5 /* Release */ = {
			isa = XCBuildConfiguration;
			buildSettings = {
				INFOPLIST_FILE = DemoUITests/Info.plist;
				LD_RUNPATH_SEARCH_PATHS = "$(inherited) @executable_path/Frameworks @loader_path/Frameworks";
				PRODUCT_BUNDLE_IDENTIFIER = "gongren-zcs.DemoUITests";
				PRODUCT_NAME = "$(TARGET_NAME)";
				TEST_TARGET_NAME = Demo;
				USES_XCTRUNNER = YES;
			};
			name = Release;
		};
/* End XCBuildConfiguration section */

/* Begin XCConfigurationList section */
		AA624FAC1C34C0A800EEA3E5 /* Build configuration list for PBXProject "Demo" */ = {
			isa = XCConfigurationList;
			buildConfigurations = (
				AA624FDC1C34C0A900EEA3E5 /* Debug */,
				AA624FDD1C34C0A900EEA3E5 /* Release */,
			);
			defaultConfigurationIsVisible = 0;
			defaultConfigurationName = Release;
		};
		AA624FDE1C34C0A900EEA3E5 /* Build configuration list for PBXNativeTarget "Demo" */ = {
			isa = XCConfigurationList;
			buildConfigurations = (
				AA624FDF1C34C0A900EEA3E5 /* Debug */,
				AA624FE01C34C0A900EEA3E5 /* Release */,
			);
			defaultConfigurationIsVisible = 0;
		};
		AA624FE11C34C0A900EEA3E5 /* Build configuration list for PBXNativeTarget "DemoTests" */ = {
			isa = XCConfigurationList;
			buildConfigurations = (
				AA624FE21C34C0A900EEA3E5 /* Debug */,
				AA624FE31C34C0A900EEA3E5 /* Release */,
			);
			defaultConfigurationIsVisible = 0;
		};
		AA624FE41C34C0A900EEA3E5 /* Build configuration list for PBXNativeTarget "DemoUITests" */ = {
			isa = XCConfigurationList;
			buildConfigurations = (
				AA624FE51C34C0A900EEA3E5 /* Debug */,
				AA624FE61C34C0A900EEA3E5 /* Release */,
			);
			defaultConfigurationIsVisible = 0;
		};
/* End XCConfigurationList section */
	};
	rootObject = AA624FA91C34C0A800EEA3E5 /* Project object */;
}
